
Microsoft Visual Studio Solution File, Format Version 12.00
# Visual Studio Version 17
VisualStudioVersion = 17.2.32616.157
MinimumVisualStudioVersion = 10.0.40219.1
Project("{FAE04EC0-301F-11D3-BF4B-00C04F79EFBC}") = "CrudApplication", "CrudApplication.csproj", "{F7B796B8-58E0-4E60-8B9B-D44216E33784}"
EndProject
Global
	GlobalSection(SolutionConfigurationPlatforms) = preSolution
		Debug|Any CPU = Debug|Any CPU
		Release|Any CPU = Release|Any CPU
	EndGlobalSection
	GlobalSection(ProjectConfigurationPlatforms) = postSolution
		{F7B796B8-58E0-4E60-8B9B-D44216E33784}.Debug|Any CPU.ActiveCfg = Debug|Any CPU
		{F7B796B8-58E0-4E60-8B9B-D44216E33784}.Debug|Any CPU.Build.0 = Debug|Any CPU
		{F7B796B8-58E0-4E60-8B9B-D44216E33784}.Release|Any CPU.ActiveCfg = Release|Any CPU
		{F7B796B8-58E0-4E60-8B9B-D44216E33784}.Release|Any CPU.Build.0 = Release|Any CPU
	EndGlobalSection
	GlobalSection(SolutionProperties) = preSolution
		HideSolutionNode = FALSE
	EndGlobalSection
	GlobalSection(ExtensibilityGlobals) = postSolution
		SolutionGuid = {E38601F0-A0D9-48D6-8708-4DCDF07CAEC4}
	EndGlobalSection
EndGlobal
